// !$*UTF8*$!
{
	archiveVersion = 1;
	classes = {
	};
	objectVersion = 46;
	objects = {

/* Begin PBXBuildFile section */
		800BC1CC1D1800B0001DCF70 /* AppDelegate.swift in Sources */ = {isa = PBXBuildFile; fileRef = 800BC1CB1D1800B0001DCF70 /* AppDelegate.swift */; };
		800BC1CE1D1800B0001DCF70 /* ViewController.swift in Sources */ = {isa = PBXBuildFile; fileRef = 800BC1CD1D1800B0001DCF70 /* ViewController.swift */; };
		800BC1D11D1800B0001DCF70 /* Main.storyboard in Resources */ = {isa = PBXBuildFile; fileRef = 800BC1CF1D1800B0001DCF70 /* Main.storyboard */; };
		800BC1D31D1800B0001DCF70 /* Assets.xcassets in Resources */ = {isa = PBXBuildFile; fileRef = 800BC1D21D1800B0001DCF70 /* Assets.xcassets */; };
		800BC1D61D1800B0001DCF70 /* LaunchScreen.storyboard in Resources */ = {isa = PBXBuildFile; fileRef = 800BC1D41D1800B0001DCF70 /* LaunchScreen.storyboard */; };
/* End PBXBuildFile section */

/* Begin PBXFileReference section */
		800BC1C81D1800B0001DCF70 /* PercentageWidthsAndCentering.app */ = {isa = PBXFileReference; explicitFileType = wrapper.application; includeInIndex = 0; path = PercentageWidthsAndCentering.app; sourceTree = BUILT_PRODUCTS_DIR; };
		800BC1CB1D1800B0001DCF70 /* AppDelegate.swift */ = {isa = PBXFileReference; lastKnownFileType = sourcecode.swift; path = AppDelegate.swift; sourceTree = "<group>"; };
		800BC1CD1D1800B0001DCF70 /* ViewController.swift */ = {isa = PBXFileReference; lastKnownFileType = sourcecode.swift; path = ViewController.swift; sourceTree = "<group>"; };
		800BC1D01D1800B0001DCF70 /* Base */ = {isa = PBXFileReference; lastKnownFileType = file.storyboard; name = Base; path = Base.lproj/Main.storyboard; sourceTree = "<group>"; };
		800BC1D21D1800B0001DCF70 /* Assets.xcassets */ = {isa = PBXFileReference; lastKnownFileType = folder.assetcatalog; path = Assets.xcassets; sourceTree = "<group>"; };
		800BC1D51D1800B0001DCF70 /* Base */ = {isa = PBXFileReference; lastKnownFileType = file.storyboard; name = Base; path = Base.lproj/LaunchScreen.storyboard; sourceTree = "<group>"; };
		800BC1D71D1800B0001DCF70 /* Info.plist */ = {isa = PBXFileReference; lastKnownFileType = text.plist.xml; path = Info.plist; sourceTree = "<group>"; };
/* End PBXFileReference section */

/* Begin PBXFrameworksBuildPhase section */
		800BC1C51D1800B0001DCF70 /* Frameworks */ = {
			isa = PBXFrameworksBuildPhase;
			buildActionMask = 2147483647;
			files = (
			);
			runOnlyForDeploymentPostprocessing = 0;
		};
/* End PBXFrameworksBuildPhase section */

/* Begin PBXGroup section */
		800BC1BF1D1800B0001DCF70 = {
			isa = PBXGroup;
			children = (
				800BC1CA1D1800B0001DCF70 /* PercentageWidthsAndCentering */,
				800BC1C91D1800B0001DCF70 /* Products */,
			);
			sourceTree = "<group>";
		};
		800BC1C91D1800B0001DCF70 /* Products */ = {
			isa = PBXGroup;
			children = (
				800BC1C81D1800B0001DCF70 /* PercentageWidthsAndCentering.app */,
			);
			name = Products;
			sourceTree = "<group>";
		};
		800BC1CA1D1800B0001DCF70 /* PercentageWidthsAndCentering */ = {
			isa = PBXGroup;
			children = (
				800BC1CB1D1800B0001DCF70 /* AppDelegate.swift */,
				800BC1CD1D1800B0001DCF70 /* ViewController.swift */,
				800BC1CF1D1800B0001DCF70 /* Main.storyboard */,
				800BC1D21D1800B0001DCF70 /* Assets.xcassets */,
				800BC1D41D1800B0001DCF70 /* LaunchScreen.storyboard */,
				800BC1D71D1800B0001DCF70 /* Info.plist */,
			);
			path = PercentageWidthsAndCentering;
			sourceTree = "<group>";
		};
/* End PBXGroup section */

/* Begin PBXNativeTarget section */
		800BC1C71D1800B0001DCF70 /* PercentageWidthsAndCentering */ = {
			isa = PBXNativeTarget;
			buildConfigurationList = 800BC1DA1D1800B0001DCF70 /* Build configuration list for PBXNativeTarget "PercentageWidthsAndCentering" */;
			buildPhases = (
				800BC1C41D1800B0001DCF70 /* Sources */,
				800BC1C51D1800B0001DCF70 /* Frameworks */,
				800BC1C61D1800B0001DCF70 /* Resources */,
			);
			buildRules = (
			);
			dependencies = (
			);
			name = PercentageWidthsAndCentering;
			productName = PercentageWidthsAndCentering;
			productReference = 800BC1C81D1800B0001DCF70 /* PercentageWidthsAndCentering.app */;
			productType = "com.apple.product-type.application";
		};
/* End PBXNativeTarget section */

/* Begin PBXProject section */
		800BC1C01D1800B0001DCF70 /* Project object */ = {
			isa = PBXProject;
			attributes = {
				LastSwiftUpdateCheck = 0730;
				LastUpgradeCheck = 0730;
				ORGANIZATIONNAME = "Sharon's Mac";
				TargetAttributes = {
					800BC1C71D1800B0001DCF70 = {
						CreatedOnToolsVersion = 7.3.1;
					};
				};
			};
			buildConfigurationList = 800BC1C31D1800B0001DCF70 /* Build configuration list for PBXProject "PercentageWidthsAndCentering" */;
			compatibilityVersion = "Xcode 3.2";
			developmentRegion = English;
			hasScannedForEncodings = 0;
			knownRegions = (
				en,
				Base,
			);
			mainGroup = 800BC1BF1D1800B0001DCF70;
			productRefGroup = 800BC1C91D1800B0001DCF70 /* Products */;
			projectDirPath = "";
			projectRoot = "";
			targets = (
				800BC1C71D1800B0001DCF70 /* PercentageWidthsAndCentering */,
			);
		};
/* End PBXProject section */

/* Begin PBXResourcesBuildPhase section */
		800BC1C61D1800B0001DCF70 /* Resources */ = {
			isa = PBXResourcesBuildPhase;
			buildActionMask = 2147483647;
			files = (
				800BC1D61D1800B0001DCF70 /* LaunchScreen.storyboard in Resources */,
				800BC1D31D1800B0001DCF70 /* Assets.xcassets in Resources */,
				800BC1D11D1800B0001DCF70 /* Main.storyboard in Resources */,
			);
			runOnlyForDeploymentPostprocessing = 0;
		};
/* End PBXResourcesBuildPhase section */

/* Begin PBXSourcesBuildPhase section */
		800BC1C41D1800B0001DCF70 /* Sources */ = {
			isa = PBXSourcesBuildPhase;
			buildActionMask = 2147483647;
			files = (
				800BC1CE1D1800B0001DCF70 /* ViewController.swift in Sources */,
				800BC1CC1D1800B0001DCF70 /* AppDelegate.swift in Sources */,
			);
			runOnlyForDeploymentPostprocessing = 0;
		};
/* End PBXSourcesBuildPhase section */

/* Begin PBXVariantGroup section */
		800BC1CF1D1800B0001DCF70 /* Main.storyboard */ = {
			isa = PBXVariantGroup;
			children = (
				800BC1D01D1800B0001DCF70 /* Base */,
			);
			name = Main.storyboard;
			sourceTree = "<group>";
		};
		800BC1D41D1800B0001DCF70 /* LaunchScreen.storyboard */ = {
			isa = PBXVariantGroup;
			children = (
				800BC1D51D1800B0001DCF70 /* Base */,
			);
			name = LaunchScreen.storyboard;
			sourceTree = "<group>";
		};
/* End PBXVariantGroup section */

/* Begin XCBuildConfiguration section */
		800BC1D81D1800B0001DCF70 /* Debug */ = {
			isa = XCBuildConfiguration;
			buildSettings = {
				ALWAYS_SEARCH_USER_PATHS = NO;
				CLANG_ANALYZER_NONNULL = YES;
				CLANG_CXX_LANGUAGE_STANDARD = "gnu++0x";
				CLANG_CXX_LIBRARY = "libc++";
				CLANG_ENABLE_MODULES = YES;
				CLANG_ENABLE_OBJC_ARC = YES;
				CLANG_WARN_BOOL_CONVERSION = YES;
				CLANG_WARN_CONSTANT_CONVERSION = YES;
				CLANG_WARN_DIRECT_OBJC_ISA_USAGE = YES_ERROR;
				CLANG_WARN_EMPTY_BODY = YES;
				CLANG_WARN_ENUM_CONVERSION = YES;
				CLANG_WARN_INT_CONVERSION = YES;
				CLANG_WARN_OBJC_ROOT_CLASS = YES_ERROR;
				CLANG_WARN_UNREACHABLE_CODE = YES;
				CLANG_WARN__DUPLICATE_METHOD_MATCH = YES;
				"CODE_SIGN_IDENTITY[sdk=iphoneos*]" = "iPhone Developer";
				COPY_PHASE_STRIP = NO;
				DEBUG_INFORMATION_FORMAT = dwarf;
				ENABLE_STRICT_OBJC_MSGSEND = YES;
				ENABLE_TESTABILITY = YES;
				GCC_C_LANGUAGE_STANDARD = gnu99;
				GCC_DYNAMIC_NO_PIC = NO;
				GCC_NO_COMMON_BLOCKS = YES;
				GCC_OPTIMIZATION_LEVEL = 0;
				GCC_PREPROCESSOR_DEFINITIONS = (
					"DEBUG=1",
					"$(inherited)",
				);
				GCC_WARN_64_TO_32_BIT_CONVERSION = YES;
				GCC_WARN_ABOUT_RETURN_TYPE = YES_ERROR;
				GCC_WARN_UNDECLARED_SELECTOR = YES;
				GCC_WARN_UNINITIALIZED_AUTOS = YES_AGGRESSIVE;
				GCC_WARN_UNUSED_FUNCTION = YES;
				GCC_WARN_UNUSED_VARIABLE = YES;
				IPHONEOS_DEPLOYMENT_TARGET = 9.3;
				MTL_ENABLE_DEBUG_INFO = YES;
				ONLY_ACTIVE_ARCH = YES;
				SDKROOT = iphoneos;
				SWIFT_OPTIMIZATION_LEVEL = "-Onone";
				TARGETED_DEVICE_FAMILY = "1,2";
			};
			name = Debug;
		};
		800BC1D91D1800B0001DCF70 /* Release */ = {
			isa = XCBuildConfiguration;
			buildSettings = {
				ALWAYS_SEARCH_USER_PATHS = NO;
				CLANG_ANALYZER_NONNULL = YES;
				CLANG_CXX_LANGUAGE_STANDARD = "gnu++0x";
				CLANG_CXX_LIBRARY = "libc++";
				CLANG_ENABLE_MODULES = YES;
				CLANG_ENABLE_OBJC_ARC = YES;
				CLANG_WARN_BOOL_CONVERSION = YES;
				CLANG_WARN_CONSTANT_CONVERSION = YES;
				CLANG_WARN_DIRECT_OBJC_ISA_USAGE = YES_ERROR;
				CLANG_WARN_EMPTY_BODY = YES;
				CLANG_WARN_ENUM_CONVERSION = YES;
				CLANG_WARN_INT_CONVERSION = YES;
				CLANG_WARN_OBJC_ROOT_CLASS = YES_ERROR;
				CLANG_WARN_UNREACHABLE_CODE = YES;
				CLANG_WARN__DUPLICATE_METHOD_MATCH = YES;
				"CODE_SIGN_IDENTITY[sdk=iphoneos*]" = "iPhone Developer";
				COPY_PHASE_STRIP = NO;
				DEBUG_INFORMATION_FORMAT = "dwarf-with-dsym";
				ENABLE_NS_ASSERTIONS = NO;
				ENABLE_STRICT_OBJC_MSGSEND = YES;
				GCC_C_LANGUAGE_STANDARD = gnu99;
				GCC_NO_COMMON_BLOCKS = YES;
				GCC_WARN_64_TO_32_BIT_CONVERSION = YES;
				GCC_WARN_ABOUT_RETURN_TYPE = YES_ERROR;
				GCC_WARN_UNDECLARED_SELECTOR = YES;
				GCC_WARN_UNINITIALIZED_AUTOS = YES_AGGRESSIVE;
				GCC_WARN_UNUSED_FUNCTION = YES;
				GCC_WARN_UNUSED_VARIABLE = YES;
				IPHONEOS_DEPLOYMENT_TARGET = 9.3;
				MTL_ENABLE_DEBUG_INFO = NO;
				SDKROOT = iphoneos;
				TARGETED_DEVICE_FAMILY = "1,2";
				VALIDATE_PRODUCT = YES;
			};
			name = Release;
		};
		800BC1DB1D1800B0001DCF70 /* Debug */ = {
			isa = XCBuildConfiguration;
			buildSettings = {
				ASSETCATALOG_COMPILER_APPICON_NAME = AppIcon;
				INFOPLIST_FILE = PercentageWidthsAndCentering/Info.plist;
				LD_RUNPATH_SEARCH_PATHS = "$(inherited) @executable_path/Frameworks";
				PRODUCT_BUNDLE_IDENTIFIER = com.sharonmcdermott.PercentageWidthsAndCentering;
				PRODUCT_NAME = "$(TARGET_NAME)";
			};
			name = Debug;
		};
		800BC1DC1D1800B0001DCF70 /* Release */ = {
			isa = XCBuildConfiguration;
			buildSettings = {
				ASSETCATALOG_COMPILER_APPICON_NAME = AppIcon;
				INFOPLIST_FILE = PercentageWidthsAndCentering/Info.plist;
				LD_RUNPATH_SEARCH_PATHS = "$(inherited) @executable_path/Frameworks";
				PRODUCT_BUNDLE_IDENTIFIER = com.sharonmcdermott.PercentageWidthsAndCentering;
				PRODUCT_NAME = "$(TARGET_NAME)";
			};
			name = Release;
		};
/* End XCBuildConfiguration section */

/* Begin XCConfigurationList section */
		800BC1C31D1800B0001DCF70 /* Build configuration list for PBXProject "PercentageWidthsAndCentering" */ = {
			isa = XCConfigurationList;
			buildConfigurations = (
				800BC1D81D1800B0001DCF70 /* Debug */,
				800BC1D91D1800B0001DCF70 /* Release */,
			);
			defaultConfigurationIsVisible = 0;
			defaultConfigurationName = Release;
		};
		800BC1DA1D1800B0001DCF70 /* Build configuration list for PBXNativeTarget "PercentageWidthsAndCentering" */ = {
			isa = XCConfigurationList;
			buildConfigurations = (
				800BC1DB1D1800B0001DCF70 /* Debug */,
				800BC1DC1D1800B0001DCF70 /* Release */,
			);
			defaultConfigurationIsVisible = 0;
		};
/* End XCConfigurationList section */
	};
	rootObject = 800BC1C01D1800B0001DCF70 /* Project object */;
}
